
Microsoft Visual Studio Solution File, Format Version 12.00
# Visual Studio Version 17
VisualStudioVersion = 17.13.35919.96 d17.13
MinimumVisualStudioVersion = 10.0.40219.1
Project("{FAE04EC0-301F-11D3-BF4B-00C04F79EFBC}") = "backend_mongo", "backend_mongo.csproj", "{647ECDF9-7414-C85E-FC2B-8A77285D1CD4}"
EndProject
Global
	GlobalSection(SolutionConfigurationPlatforms) = preSolution
		Debug|Any CPU = Debug|Any CPU
		Release|Any CPU = Release|Any CPU
	EndGlobalSection
	GlobalSection(ProjectConfigurationPlatforms) = postSolution
		{647ECDF9-7414-C85E-FC2B-8A77285D1CD4}.Debug|Any CPU.ActiveCfg = Debug|Any CPU
		{647ECDF9-7414-C85E-FC2B-8A77285D1CD4}.Debug|Any CPU.Build.0 = Debug|Any CPU
		{647ECDF9-7414-C85E-FC2B-8A77285D1CD4}.Release|Any CPU.ActiveCfg = Release|Any CPU
		{647ECDF9-7414-C85E-FC2B-8A77285D1CD4}.Release|Any CPU.Build.0 = Release|Any CPU
	EndGlobalSection
	GlobalSection(SolutionProperties) = preSolution
		HideSolutionNode = FALSE
	EndGlobalSection
	GlobalSection(ExtensibilityGlobals) = postSolution
		SolutionGuid = {20E7E9B5-F9D2-4A60-9713-73DAECDBECF5}
	EndGlobalSection
EndGlobal
